
Microsoft Visual Studio Solution File, Format Version 12.00
# Visual Studio 15
VisualStudioVersion = 15.0.28307.572
MinimumVisualStudioVersion = 10.0.40219.1
Project("{FAE04EC0-301F-11D3-BF4B-00C04F79EFBC}") = "BlockRandomizer_Windows", "BlockRandomizer_Windows\BlockRandomizer_Windows.csproj", "{75EC53BB-B2DB-4C78-B932-84400832F723}"
EndProject
Global
	GlobalSection(SolutionConfigurationPlatforms) = preSolution
		Debug|Any CPU = Debug|Any CPU
		Release|Any CPU = Release|Any CPU
	EndGlobalSection
	GlobalSection(ProjectConfigurationPlatforms) = postSolution
		{75EC53BB-B2DB-4C78-B932-84400832F723}.Debug|Any CPU.ActiveCfg = Debug|Any CPU
		{75EC53BB-B2DB-4C78-B932-84400832F723}.Debug|Any CPU.Build.0 = Debug|Any CPU
		{75EC53BB-B2DB-4C78-B932-84400832F723}.Release|Any CPU.ActiveCfg = Release|Any CPU
		{75EC53BB-B2DB-4C78-B932-84400832F723}.Release|Any CPU.Build.0 = Release|Any CPU
	EndGlobalSection
	GlobalSection(SolutionProperties) = preSolution
		HideSolutionNode = FALSE
	EndGlobalSection
	GlobalSection(ExtensibilityGlobals) = postSolution
		SolutionGuid = {3163A48F-CDAF-4AB7-BF2F-5F62F3E8A2F7}
	EndGlobalSection
EndGlobal
